github.com/bgzxz/gomod v1.0.0 h1:br38AJWCEXLzcVX9qB0Npgls5TXem48rqpmcz/vHOp0=
github.com/bgzxz/gomod v1.0.0/go.mod h1:tUh5iDgdIL0i3CJZoKLfQT3SLGOk+Xxo2bLacpHn6PI=
github.com/bgzxz/gomod v1.0.1 h1:h2hgTAAWLm0REN4mgzWiA3hs6WH0Arg/ie2GQ92Wa80=
github.com/bgzxz/gomod v1.0.1/go.mod h1:tUh5iDgdIL0i3CJZoKLfQT3SLGOk+Xxo2bLacpHn6PI=
